
Microsoft Visual Studio Solution File, Format Version 12.00
Project("{FAE04EC0-301F-11D3-BF4B-00C04F79EFBC}") = "IterativeEditor", "IterativeEditor.csproj", "{7888F869-ACF4-4DA5-BCEC-2483F2DBAEA9}"
EndProject
Global
	GlobalSection(SolutionConfigurationPlatforms) = preSolution
		Debug|Any CPU = Debug|Any CPU
		Release|Any CPU = Release|Any CPU
	EndGlobalSection
	GlobalSection(ProjectConfigurationPlatforms) = postSolution
		{7888F869-ACF4-4DA5-BCEC-2483F2DBAEA9}.Debug|Any CPU.ActiveCfg = Debug|Any CPU
		{7888F869-ACF4-4DA5-BCEC-2483F2DBAEA9}.Debug|Any CPU.Build.0 = Debug|Any CPU
		{7888F869-ACF4-4DA5-BCEC-2483F2DBAEA9}.Release|Any CPU.ActiveCfg = Release|Any CPU
		{7888F869-ACF4-4DA5-BCEC-2483F2DBAEA9}.Release|Any CPU.Build.0 = Release|Any CPU
	EndGlobalSection
EndGlobal
